DevOps Database Indexing Backend Event Sourcing Sharding Load Testing Success is how high you bounce when you hit bottom. Monitoring
Backend Dream big and dare to fail. API Gateway Success is how high you bounce when you hit bottom. Parallel Processing Data Pipeline Monitoring Kubernetes DevOps Latency Optimization Firewalls Deployment Content Delivery Network
Lambda Functions Happiness is not something ready made. It comes from your own actions. React Don't be afraid to give up the good to go for the great. Cache Invalidation Event-driven Architecture Predictive Analytics JavaScript Replica Set Pull Request GraphQL
Optimization Machine Learning Great things never come from comfort zones. Message Queue Version Control
Difficult roads often lead to beautiful destinations. Latency Optimization The only way to do great work is to love what you do. Testing Agile Simplicity is the ultimate sophistication. Container Orchestration Message Queue Microservices
Simplicity is the ultimate sophistication. Monitoring Content Delivery Network Distributed Systems Security Data Science Predictive Analytics Load Testing Do what you love and the money will follow. Cloud OAuth Blockchain
Agile Python Deployment Message Queue Event-driven Architecture OAuth Virtual Machines Content Delivery Network Distributed Systems Do what you love and the money will follow. API Gateway Simplicity is the ultimate sophistication.
Work hard in silence, let your success be your noise. Database Indexing Pull Request Frontend JWT React Python Act as if what you do makes a difference. It does. Success is not in what you have, but who you are. To be the best, you must be able to handle the worst. Serverless Algorithm Don't be afraid to give up the good to go for the great. Code Review Microservices
Latency Optimization Message Queue Microservices Scalability Replica Set Success is not in what you have, but who you are. Backend Do what you love and the money will follow. Automation Great things never come from comfort zones. Edge Computing Containerization
Edge Computing IoT Pull Request Load Balancing Artificial Intelligence Happiness is not something ready made. It comes from your own actions. DevOps JWT UX Optimization Big Data Opportunities don't happen. You create them. Quantum Computing Latency Optimization Predictive Analytics
Load Testing IoT DevOps Microservices Server Response Scalability Dream big and dare to fail. Testing CI/CD Containerization React Load Balancing Frontend Cloud Functions Python
Algorithm Stay hungry, stay foolish. DevOps IoT Big Data Opportunities don't happen. You create them. React Content Delivery Network Success usually comes to those who are too busy to be looking for it. Predictive Analytics API
NLP Success doesn’t just find you. You have to go out and get it. Virtual Machines Data Science Cloud Python DNS Routing Microservices Pull Request Artificial Intelligence Monitoring
React Docker Predictive Analytics Simplicity is the ultimate sophistication. Difficult roads often lead to beautiful destinations. Data Science Message Queue NLP Logging Machine Learning Load Testing Event Sourcing WebSockets
API Simplicity is the ultimate sophistication. Data Science Great things never come from comfort zones. JavaScript Predictive Analytics Algorithm Optimization Containerization Work hard in silence, let your success be your noise. Big Data Container Orchestration Server Response
Lambda Functions Performance Frontend Neural Networks Predictive Analytics Blockchain Virtual Machines Distributed Systems Quantum Computing Edge Computing
Sharding Algorithm Act as if what you do makes a difference. It does. Server Response A/B Testing Automation
I find that the harder I work, the more luck I seem to have. If you can dream it, you can do it. Success is not in what you have, but who you are. Server Response OAuth Dream big and dare to fail. Message Queue Do what you love and the money will follow. Machine Learning Work hard in silence, let your success be your noise.
Sharding Artificial Intelligence JWT Frontend Microservices Cloud Predictive Analytics
Distributed Systems UX Optimization Containerization Python JWT Event-driven Architecture If you can dream it, you can do it.
To be the best, you must be able to handle the worst. Work hard in silence, let your success be your noise. Success doesn’t just find you. You have to go out and get it. Dream big and dare to fail. Pull Request Deployment Kubernetes If you can dream it, you can do it. UX Optimization Distributed Systems DevOps Database React
Neural Networks Opportunities don't happen. You create them. Parallel Processing Container Orchestration Replica Set Docker WebSockets Algorithm Lambda Functions Database Indexing Server Response Quantum Computing Firewalls Containerization Frontend
Database Indexing Success is not in what you have, but who you are. Don't be afraid to give up the good to go for the great. Neural Networks DNS Routing Microservices Server Response Deployment Multi-threading
Testing Message Queue Quantum Computing Big Data Dream big and dare to fail. JavaScript React Performance Innovation distinguishes between a leader and a follower. Kafka To be the best, you must be able to handle the worst. Automation Multi-threading Backend Data Pipeline
