DevOps Database Indexing Backend Event Sourcing Sharding Load Testing Success is how high you bounce when you hit bottom. Monitoring
Backend Dream big and dare to fail. API Gateway Success is how high you bounce when you hit bottom. Parallel Processing Data Pipeline Monitoring Kubernetes DevOps Latency Optimization Firewalls Deployment Content Delivery Network
